
Microsoft Visual Studio Solution File, Format Version 12.00
# Visual Studio Version 16
VisualStudioVersion = 16.0.29326.143
MinimumVisualStudioVersion = 10.0.40219.1
Project("{FAE04EC0-301F-11D3-BF4B-00C04F79EFBC}") = "BlueNetWebApp", "VRPD-WebApp\BlueNetWebApp.csproj", "{BCCCEDD6-DEAC-4B68-BD66-9189EACC02C6}"
EndProject
Global
	GlobalSection(SolutionConfigurationPlatforms) = preSolution
		Debug|Any CPU = Debug|Any CPU
		Debug|iPhone = Debug|iPhone
		Debug|iPhoneSimulator = Debug|iPhoneSimulator
		Release|Any CPU = Release|Any CPU
		Release|iPhone = Release|iPhone
		Release|iPhoneSimulator = Release|iPhoneSimulator
	EndGlobalSection
	GlobalSection(ProjectConfigurationPlatforms) = postSolution
		{BCCCEDD6-DEAC-4B68-BD66-9189EACC02C6}.Debug|Any CPU.ActiveCfg = Debug|Any CPU
		{BCCCEDD6-DEAC-4B68-BD66-9189EACC02C6}.Debug|Any CPU.Build.0 = Debug|Any CPU
		{BCCCEDD6-DEAC-4B68-BD66-9189EACC02C6}.Debug|iPhone.ActiveCfg = Debug|Any CPU
		{BCCCEDD6-DEAC-4B68-BD66-9189EACC02C6}.Debug|iPhone.Build.0 = Debug|Any CPU
		{BCCCEDD6-DEAC-4B68-BD66-9189EACC02C6}.Debug|iPhoneSimulator.ActiveCfg = Debug|Any CPU
		{BCCCEDD6-DEAC-4B68-BD66-9189EACC02C6}.Debug|iPhoneSimulator.Build.0 = Debug|Any CPU
		{BCCCEDD6-DEAC-4B68-BD66-9189EACC02C6}.Release|Any CPU.ActiveCfg = Release|Any CPU
		{BCCCEDD6-DEAC-4B68-BD66-9189EACC02C6}.Release|Any CPU.Build.0 = Release|Any CPU
		{BCCCEDD6-DEAC-4B68-BD66-9189EACC02C6}.Release|iPhone.ActiveCfg = Release|Any CPU
		{BCCCEDD6-DEAC-4B68-BD66-9189EACC02C6}.Release|iPhone.Build.0 = Release|Any CPU
		{BCCCEDD6-DEAC-4B68-BD66-9189EACC02C6}.Release|iPhoneSimulator.ActiveCfg = Release|Any CPU
		{BCCCEDD6-DEAC-4B68-BD66-9189EACC02C6}.Release|iPhoneSimulator.Build.0 = Release|Any CPU
	EndGlobalSection
	GlobalSection(SolutionProperties) = preSolution
		HideSolutionNode = FALSE
	EndGlobalSection
	GlobalSection(ExtensibilityGlobals) = postSolution
		SolutionGuid = {B3D9A007-7CD9-4423-BE0A-2FE80A1AB43F}
	EndGlobalSection
EndGlobal
